
Microsoft Visual Studio Solution File, Format Version 12.00
# Visual Studio 15
VisualStudioVersion = 15.0.26124.0
MinimumVisualStudioVersion = 15.0.26124.0
Project("{2150E333-8FDC-42A3-9474-1A3956D46DE8}") = "BuildingBlocks", "BuildingBlocks", "{45F23B7B-DBE9-4797-943E-03DF99DCD71E}"
EndProject
Project("{2150E333-8FDC-42A3-9474-1A3956D46DE8}") = "EventBus", "EventBus", "{EA3EA003-89EF-452D-82BA-7473609966BF}"
EndProject
Project("{FAE04EC0-301F-11D3-BF4B-00C04F79EFBC}") = "EventBus", "BuildingBlocks\EventBus\EventBus\EventBus.csproj", "{0ED4A68C-6C41-4607-88B6-AEFD03AA20CB}"
EndProject
Project("{FAE04EC0-301F-11D3-BF4B-00C04F79EFBC}") = "EventBusRabbitMQ", "BuildingBlocks\EventBus\EventBusRabbitMQ\EventBusRabbitMQ.csproj", "{F095F811-CB30-4F31-9FBC-E7A1756CB4A4}"
EndProject
Project("{FAE04EC0-301F-11D3-BF4B-00C04F79EFBC}") = "EventBusServiceBus", "BuildingBlocks\EventBus\EventBusServiceBus\EventBusServiceBus.csproj", "{02E00FF9-E3CD-4E27-9327-A3863D3FAA54}"
EndProject
Project("{FAE04EC0-301F-11D3-BF4B-00C04F79EFBC}") = "EventBus.Tests", "BuildingBlocks\EventBus\EventBus.Tests\EventBus.Tests.csproj", "{A7E15D95-DED3-493F-86F3-1385BCF892EE}"
EndProject
Project("{2150E333-8FDC-42A3-9474-1A3956D46DE8}") = "WebHostCustomization", "WebHostCustomization", "{31B4716F-4F3A-41AF-B1F0-090148EFD28C}"
EndProject
Project("{FAE04EC0-301F-11D3-BF4B-00C04F79EFBC}") = "WebHost.Customization", "BuildingBlocks\WebHostCustomization\WebHost.Customization\WebHost.Customization.csproj", "{0D1E8DE7-EC6E-489E-94B2-189F3567F004}"
EndProject
Global
	GlobalSection(SolutionConfigurationPlatforms) = preSolution
		Debug|Any CPU = Debug|Any CPU
		Debug|x64 = Debug|x64
		Debug|x86 = Debug|x86
		Release|Any CPU = Release|Any CPU
		Release|x64 = Release|x64
		Release|x86 = Release|x86
	EndGlobalSection
	GlobalSection(SolutionProperties) = preSolution
		HideSolutionNode = FALSE
	EndGlobalSection
	GlobalSection(ProjectConfigurationPlatforms) = postSolution
		{0ED4A68C-6C41-4607-88B6-AEFD03AA20CB}.Debug|Any CPU.ActiveCfg = Debug|Any CPU
		{0ED4A68C-6C41-4607-88B6-AEFD03AA20CB}.Debug|Any CPU.Build.0 = Debug|Any CPU
		{0ED4A68C-6C41-4607-88B6-AEFD03AA20CB}.Debug|x64.ActiveCfg = Debug|Any CPU
		{0ED4A68C-6C41-4607-88B6-AEFD03AA20CB}.Debug|x64.Build.0 = Debug|Any CPU
		{0ED4A68C-6C41-4607-88B6-AEFD03AA20CB}.Debug|x86.ActiveCfg = Debug|Any CPU
		{0ED4A68C-6C41-4607-88B6-AEFD03AA20CB}.Debug|x86.Build.0 = Debug|Any CPU
		{0ED4A68C-6C41-4607-88B6-AEFD03AA20CB}.Release|Any CPU.ActiveCfg = Release|Any CPU
		{0ED4A68C-6C41-4607-88B6-AEFD03AA20CB}.Release|Any CPU.Build.0 = Release|Any CPU
		{0ED4A68C-6C41-4607-88B6-AEFD03AA20CB}.Release|x64.ActiveCfg = Release|Any CPU
		{0ED4A68C-6C41-4607-88B6-AEFD03AA20CB}.Release|x64.Build.0 = Release|Any CPU
		{0ED4A68C-6C41-4607-88B6-AEFD03AA20CB}.Release|x86.ActiveCfg = Release|Any CPU
		{0ED4A68C-6C41-4607-88B6-AEFD03AA20CB}.Release|x86.Build.0 = Release|Any CPU
		{F095F811-CB30-4F31-9FBC-E7A1756CB4A4}.Debug|Any CPU.ActiveCfg = Debug|Any CPU
		{F095F811-CB30-4F31-9FBC-E7A1756CB4A4}.Debug|Any CPU.Build.0 = Debug|Any CPU
		{F095F811-CB30-4F31-9FBC-E7A1756CB4A4}.Debug|x64.ActiveCfg = Debug|Any CPU
		{F095F811-CB30-4F31-9FBC-E7A1756CB4A4}.Debug|x64.Build.0 = Debug|Any CPU
		{F095F811-CB30-4F31-9FBC-E7A1756CB4A4}.Debug|x86.ActiveCfg = Debug|Any CPU
		{F095F811-CB30-4F31-9FBC-E7A1756CB4A4}.Debug|x86.Build.0 = Debug|Any CPU
		{F095F811-CB30-4F31-9FBC-E7A1756CB4A4}.Release|Any CPU.ActiveCfg = Release|Any CPU
		{F095F811-CB30-4F31-9FBC-E7A1756CB4A4}.Release|Any CPU.Build.0 = Release|Any CPU
		{F095F811-CB30-4F31-9FBC-E7A1756CB4A4}.Release|x64.ActiveCfg = Release|Any CPU
		{F095F811-CB30-4F31-9FBC-E7A1756CB4A4}.Release|x64.Build.0 = Release|Any CPU
		{F095F811-CB30-4F31-9FBC-E7A1756CB4A4}.Release|x86.ActiveCfg = Release|Any CPU
		{F095F811-CB30-4F31-9FBC-E7A1756CB4A4}.Release|x86.Build.0 = Release|Any CPU
		{02E00FF9-E3CD-4E27-9327-A3863D3FAA54}.Debug|Any CPU.ActiveCfg = Debug|Any CPU
		{02E00FF9-E3CD-4E27-9327-A3863D3FAA54}.Debug|Any CPU.Build.0 = Debug|Any CPU
		{02E00FF9-E3CD-4E27-9327-A3863D3FAA54}.Debug|x64.ActiveCfg = Debug|Any CPU
		{02E00FF9-E3CD-4E27-9327-A3863D3FAA54}.Debug|x64.Build.0 = Debug|Any CPU
		{02E00FF9-E3CD-4E27-9327-A3863D3FAA54}.Debug|x86.ActiveCfg = Debug|Any CPU
		{02E00FF9-E3CD-4E27-9327-A3863D3FAA54}.Debug|x86.Build.0 = Debug|Any CPU
		{02E00FF9-E3CD-4E27-9327-A3863D3FAA54}.Release|Any CPU.ActiveCfg = Release|Any CPU
		{02E00FF9-E3CD-4E27-9327-A3863D3FAA54}.Release|Any CPU.Build.0 = Release|Any CPU
		{02E00FF9-E3CD-4E27-9327-A3863D3FAA54}.Release|x64.ActiveCfg = Release|Any CPU
		{02E00FF9-E3CD-4E27-9327-A3863D3FAA54}.Release|x64.Build.0 = Release|Any CPU
		{02E00FF9-E3CD-4E27-9327-A3863D3FAA54}.Release|x86.ActiveCfg = Release|Any CPU
		{02E00FF9-E3CD-4E27-9327-A3863D3FAA54}.Release|x86.Build.0 = Release|Any CPU
		{A7E15D95-DED3-493F-86F3-1385BCF892EE}.Debug|Any CPU.ActiveCfg = Debug|Any CPU
		{A7E15D95-DED3-493F-86F3-1385BCF892EE}.Debug|Any CPU.Build.0 = Debug|Any CPU
		{A7E15D95-DED3-493F-86F3-1385BCF892EE}.Debug|x64.ActiveCfg = Debug|Any CPU
		{A7E15D95-DED3-493F-86F3-1385BCF892EE}.Debug|x64.Build.0 = Debug|Any CPU
		{A7E15D95-DED3-493F-86F3-1385BCF892EE}.Debug|x86.ActiveCfg = Debug|Any CPU
		{A7E15D95-DED3-493F-86F3-1385BCF892EE}.Debug|x86.Build.0 = Debug|Any CPU
		{A7E15D95-DED3-493F-86F3-1385BCF892EE}.Release|Any CPU.ActiveCfg = Release|Any CPU
		{A7E15D95-DED3-493F-86F3-1385BCF892EE}.Release|Any CPU.Build.0 = Release|Any CPU
		{A7E15D95-DED3-493F-86F3-1385BCF892EE}.Release|x64.ActiveCfg = Release|Any CPU
		{A7E15D95-DED3-493F-86F3-1385BCF892EE}.Release|x64.Build.0 = Release|Any CPU
		{A7E15D95-DED3-493F-86F3-1385BCF892EE}.Release|x86.ActiveCfg = Release|Any CPU
		{A7E15D95-DED3-493F-86F3-1385BCF892EE}.Release|x86.Build.0 = Release|Any CPU
		{0D1E8DE7-EC6E-489E-94B2-189F3567F004}.Debug|Any CPU.ActiveCfg = Debug|Any CPU
		{0D1E8DE7-EC6E-489E-94B2-189F3567F004}.Debug|Any CPU.Build.0 = Debug|Any CPU
		{0D1E8DE7-EC6E-489E-94B2-189F3567F004}.Debug|x64.ActiveCfg = Debug|Any CPU
		{0D1E8DE7-EC6E-489E-94B2-189F3567F004}.Debug|x64.Build.0 = Debug|Any CPU
		{0D1E8DE7-EC6E-489E-94B2-189F3567F004}.Debug|x86.ActiveCfg = Debug|Any CPU
		{0D1E8DE7-EC6E-489E-94B2-189F3567F004}.Debug|x86.Build.0 = Debug|Any CPU
		{0D1E8DE7-EC6E-489E-94B2-189F3567F004}.Release|Any CPU.ActiveCfg = Release|Any CPU
		{0D1E8DE7-EC6E-489E-94B2-189F3567F004}.Release|Any CPU.Build.0 = Release|Any CPU
		{0D1E8DE7-EC6E-489E-94B2-189F3567F004}.Release|x64.ActiveCfg = Release|Any CPU
		{0D1E8DE7-EC6E-489E-94B2-189F3567F004}.Release|x64.Build.0 = Release|Any CPU
		{0D1E8DE7-EC6E-489E-94B2-189F3567F004}.Release|x86.ActiveCfg = Release|Any CPU
		{0D1E8DE7-EC6E-489E-94B2-189F3567F004}.Release|x86.Build.0 = Release|Any CPU
	EndGlobalSection
	GlobalSection(NestedProjects) = preSolution
		{EA3EA003-89EF-452D-82BA-7473609966BF} = {45F23B7B-DBE9-4797-943E-03DF99DCD71E}
		{0ED4A68C-6C41-4607-88B6-AEFD03AA20CB} = {EA3EA003-89EF-452D-82BA-7473609966BF}
		{F095F811-CB30-4F31-9FBC-E7A1756CB4A4} = {EA3EA003-89EF-452D-82BA-7473609966BF}
		{02E00FF9-E3CD-4E27-9327-A3863D3FAA54} = {EA3EA003-89EF-452D-82BA-7473609966BF}
		{A7E15D95-DED3-493F-86F3-1385BCF892EE} = {EA3EA003-89EF-452D-82BA-7473609966BF}
		{31B4716F-4F3A-41AF-B1F0-090148EFD28C} = {45F23B7B-DBE9-4797-943E-03DF99DCD71E}
		{0D1E8DE7-EC6E-489E-94B2-189F3567F004} = {31B4716F-4F3A-41AF-B1F0-090148EFD28C}
	EndGlobalSection
EndGlobal
